
Microsoft Visual Studio Solution File, Format Version 12.00
# Visual Studio Version 16
VisualStudioVersion = 16.0.30002.166
MinimumVisualStudioVersion = 10.0.40219.1
Project("{9A19103F-16F7-4668-BE54-9A1E7A4F7556}") = "Hsmod", "Hsmod.csproj", "{6FC7AEC2-2671-4243-9B35-492CB2D77C5A}"
EndProject
Global
	GlobalSection(SolutionConfigurationPlatforms) = preSolution
		Debug|Any CPU = Debug|Any CPU
		Release|Any CPU = Release|Any CPU
	EndGlobalSection
	GlobalSection(ProjectConfigurationPlatforms) = postSolution
		{6FC7AEC2-2671-4243-9B35-492CB2D77C5A}.Debug|Any CPU.ActiveCfg = Debug|Any CPU
		{6FC7AEC2-2671-4243-9B35-492CB2D77C5A}.Debug|Any CPU.Build.0 = Debug|Any CPU
		{6FC7AEC2-2671-4243-9B35-492CB2D77C5A}.Release|Any CPU.ActiveCfg = Release|Any CPU
		{6FC7AEC2-2671-4243-9B35-492CB2D77C5A}.Release|Any CPU.Build.0 = Release|Any CPU
	EndGlobalSection
	GlobalSection(SolutionProperties) = preSolution
		HideSolutionNode = FALSE
	EndGlobalSection
	GlobalSection(ExtensibilityGlobals) = postSolution
		SolutionGuid = {E235021A-9932-4BAD-9C00-D65549304FF2}
	EndGlobalSection
EndGlobal
